# This file is automatically @generated by Cargo.
# It is not intended for manual editing.
version = 4

[[package]]
name = "day4"
version = "0.1.0"
dependencies = [
 "diagonal",
]

[[package]]
name = "diagonal"
version = "0.1.0"
source = "registry+https://github.com/rust-lang/crates.io-index"
checksum = "6910f3b387cb19ba7e2de01fb201c2c00246327b5960a5271bdf3674618687c0"
